// !$*UTF8*$!
{
	archiveVersion = 1;
	classes = {
	};
	objectVersion = 77;
	objects = {

/* Begin PBXBuildFile section */
		B0CB59762E141B8000AD5BE4 /* FirebaseAppCheck in Frameworks */ = {isa = PBXBuildFile; productRef = B0CB59752E141B8000AD5BE4 /* FirebaseAppCheck */; };
		B0CB59782E141B8000AD5BE4 /* FirebaseAuth in Frameworks */ = {isa = PBXBuildFile; productRef = B0CB59772E141B8000AD5BE4 /* FirebaseAuth */; };
		B0CB597A2E141B8000AD5BE4 /* FirebaseFirestore in Frameworks */ = {isa = PBXBuildFile; productRef = B0CB59792E141B8000AD5BE4 /* FirebaseFirestore */; };
		B0CB597C2E141BA000AD5BE4 /* GoogleSignIn in Frameworks */ = {isa = PBXBuildFile; productRef = B0CB597B2E141BA000AD5BE4 /* GoogleSignIn */; };
		B0CB597E2E141BA000AD5BE4 /* GoogleSignInSwift in Frameworks */ = {isa = PBXBuildFile; productRef = B0CB597D2E141BA000AD5BE4 /* GoogleSignInSwift */; };
		B0D157E82E164AA000599590 /* GoogleMobileAds in Frameworks */ = {isa = PBXBuildFile; productRef = B0D157E72E164AA000599590 /* GoogleMobileAds */; };
/* End PBXBuildFile section */

/* Begin PBXContainerItemProxy section */
		B0D996DB2E11E518003D234E /* PBXContainerItemProxy */ = {
			isa = PBXContainerItemProxy;
			containerPortal = B0D996C52E11E517003D234E /* Project object */;
			proxyType = 1;
			remoteGlobalIDString = B0D996CC2E11E517003D234E;
			remoteInfo = Translator;
		};
		B0D996E52E11E518003D234E /* PBXContainerItemProxy */ = {
			isa = PBXContainerItemProxy;
			containerPortal = B0D996C52E11E517003D234E /* Project object */;
			proxyType = 1;
			remoteGlobalIDString = B0D996CC2E11E517003D234E;
			remoteInfo = Translator;
		};
/* End PBXContainerItemProxy section */

/* Begin PBXFileReference section */
		B0D996CD2E11E517003D234E /* Translator.app */ = {isa = PBXFileReference; explicitFileType = wrapper.application; includeInIndex = 0; path = Translator.app; sourceTree = BUILT_PRODUCTS_DIR; };
		B0D996DA2E11E518003D234E /* TranslatorTests.xctest */ = {isa = PBXFileReference; explicitFileType = wrapper.cfbundle; includeInIndex = 0; path = TranslatorTests.xctest; sourceTree = BUILT_PRODUCTS_DIR; };
		B0D996E42E11E518003D234E /* TranslatorUITests.xctest */ = {isa = PBXFileReference; explicitFileType = wrapper.cfbundle; includeInIndex = 0; path = TranslatorUITests.xctest; sourceTree = BUILT_PRODUCTS_DIR; };
/* End PBXFileReference section */

/* Begin PBXFileSystemSynchronizedBuildFileExceptionSet section */
		B0739BBC2E11F1BE00B29A3D /* Exceptions for "Translator" folder in "Translator" target */ = {
			isa = PBXFileSystemSynchronizedBuildFileExceptionSet;
			membershipExceptions = (
				Info.plist,
			);
			target = B0D996CC2E11E517003D234E /* Translator */;
		};
/* End PBXFileSystemSynchronizedBuildFileExceptionSet section */

/* Begin PBXFileSystemSynchronizedRootGroup section */
		B0D996CF2E11E517003D234E /* Translator */ = {
			isa = PBXFileSystemSynchronizedRootGroup;
			exceptions = (
				B0739BBC2E11F1BE00B29A3D /* Exceptions for "Translator" folder in "Translator" target */,
			);
			path = Translator;
			sourceTree = "<group>";
		};
		B0D996DD2E11E518003D234E /* TranslatorTests */ = {
			isa = PBXFileSystemSynchronizedRootGroup;
			path = TranslatorTests;
			sourceTree = "<group>";
		};
		B0D996E72E11E518003D234E /* TranslatorUITests */ = {
			isa = PBXFileSystemSynchronizedRootGroup;
			path = TranslatorUITests;
			sourceTree = "<group>";
		};
/* End PBXFileSystemSynchronizedRootGroup section */

/* Begin PBXFrameworksBuildPhase section */
		B0D996CA2E11E517003D234E /* Frameworks */ = {
			isa = PBXFrameworksBuildPhase;
			buildActionMask = 2147483647;
			files = (
				B0D157E82E164AA000599590 /* GoogleMobileAds in Frameworks */,
				B0CB597E2E141BA000AD5BE4 /* GoogleSignInSwift in Frameworks */,
				B0CB59762E141B8000AD5BE4 /* FirebaseAppCheck in Frameworks */,
				B0CB597C2E141BA000AD5BE4 /* GoogleSignIn in Frameworks */,
				B0CB59782E141B8000AD5BE4 /* FirebaseAuth in Frameworks */,
				B0CB597A2E141B8000AD5BE4 /* FirebaseFirestore in Frameworks */,
			);
			runOnlyForDeploymentPostprocessing = 0;
		};
		B0D996D72E11E518003D234E /* Frameworks */ = {
			isa = PBXFrameworksBuildPhase;
			buildActionMask = 2147483647;
			files = (
			);
			runOnlyForDeploymentPostprocessing = 0;
		};
		B0D996E12E11E518003D234E /* Frameworks */ = {
			isa = PBXFrameworksBuildPhase;
			buildActionMask = 2147483647;
			files = (
			);
			runOnlyForDeploymentPostprocessing = 0;
		};
/* End PBXFrameworksBuildPhase section */

/* Begin PBXGroup section */
		B0D996C42E11E517003D234E = {
			isa = PBXGroup;
			children = (
				B0D996CF2E11E517003D234E /* Translator */,
				B0D996DD2E11E518003D234E /* TranslatorTests */,
				B0D996E72E11E518003D234E /* TranslatorUITests */,
				B0D996CE2E11E517003D234E /* Products */,
			);
			sourceTree = "<group>";
		};
		B0D996CE2E11E517003D234E /* Products */ = {
			isa = PBXGroup;
			children = (
				B0D996CD2E11E517003D234E /* Translator.app */,
				B0D996DA2E11E518003D234E /* TranslatorTests.xctest */,
				B0D996E42E11E518003D234E /* TranslatorUITests.xctest */,
			);
			name = Products;
			sourceTree = "<group>";
		};
/* End PBXGroup section */

/* Begin PBXNativeTarget section */
		B0D996CC2E11E517003D234E /* Translator */ = {
			isa = PBXNativeTarget;
			buildConfigurationList = B0D996EE2E11E518003D234E /* Build configuration list for PBXNativeTarget "Translator" */;
			buildPhases = (
				B0D996C92E11E517003D234E /* Sources */,
				B0D996CA2E11E517003D234E /* Frameworks */,
				B0D996CB2E11E517003D234E /* Resources */,
			);
			buildRules = (
			);
			dependencies = (
			);
			fileSystemSynchronizedGroups = (
				B0D996CF2E11E517003D234E /* Translator */,
			);
			name = Translator;
			packageProductDependencies = (
				B0CB59752E141B8000AD5BE4 /* FirebaseAppCheck */,
				B0CB59772E141B8000AD5BE4 /* FirebaseAuth */,
				B0CB59792E141B8000AD5BE4 /* FirebaseFirestore */,
				B0CB597B2E141BA000AD5BE4 /* GoogleSignIn */,
				B0CB597D2E141BA000AD5BE4 /* GoogleSignInSwift */,
				B0D157E72E164AA000599590 /* GoogleMobileAds */,
			);
			productName = Translator;
			productReference = B0D996CD2E11E517003D234E /* Translator.app */;
			productType = "com.apple.product-type.application";
		};
		B0D996D92E11E518003D234E /* TranslatorTests */ = {
			isa = PBXNativeTarget;
			buildConfigurationList = B0D996F12E11E518003D234E /* Build configuration list for PBXNativeTarget "TranslatorTests" */;
			buildPhases = (
				B0D996D62E11E518003D234E /* Sources */,
				B0D996D72E11E518003D234E /* Frameworks */,
				B0D996D82E11E518003D234E /* Resources */,
			);
			buildRules = (
			);
			dependencies = (
				B0D996DC2E11E518003D234E /* PBXTargetDependency */,
			);
			fileSystemSynchronizedGroups = (
				B0D996DD2E11E518003D234E /* TranslatorTests */,
			);
			name = TranslatorTests;
			packageProductDependencies = (
			);
			productName = TranslatorTests;
			productReference = B0D996DA2E11E518003D234E /* TranslatorTests.xctest */;
			productType = "com.apple.product-type.bundle.unit-test";
		};
		B0D996E32E11E518003D234E /* TranslatorUITests */ = {
			isa = PBXNativeTarget;
			buildConfigurationList = B0D996F42E11E518003D234E /* Build configuration list for PBXNativeTarget "TranslatorUITests" */;
			buildPhases = (
				B0D996E02E11E518003D234E /* Sources */,
				B0D996E12E11E518003D234E /* Frameworks */,
				B0D996E22E11E518003D234E /* Resources */,
			);
			buildRules = (
			);
			dependencies = (
				B0D996E62E11E518003D234E /* PBXTargetDependency */,
			);
			fileSystemSynchronizedGroups = (
				B0D996E72E11E518003D234E /* TranslatorUITests */,
			);
			name = TranslatorUITests;
			packageProductDependencies = (
			);
			productName = TranslatorUITests;
			productReference = B0D996E42E11E518003D234E /* TranslatorUITests.xctest */;
			productType = "com.apple.product-type.bundle.ui-testing";
		};
/* End PBXNativeTarget section */

/* Begin PBXProject section */
		B0D996C52E11E517003D234E /* Project object */ = {
			isa = PBXProject;
			attributes = {
				BuildIndependentTargetsInParallel = 1;
				KnownAssetTags = (
					New,
				);
				LastSwiftUpdateCheck = 1640;
				LastUpgradeCheck = 1640;
				TargetAttributes = {
					B0D996CC2E11E517003D234E = {
						CreatedOnToolsVersion = 16.4;
					};
					B0D996D92E11E518003D234E = {
						CreatedOnToolsVersion = 16.4;
						TestTargetID = B0D996CC2E11E517003D234E;
					};
					B0D996E32E11E518003D234E = {
						CreatedOnToolsVersion = 16.4;
						TestTargetID = B0D996CC2E11E517003D234E;
					};
				};
			};
			buildConfigurationList = B0D996C82E11E517003D234E /* Build configuration list for PBXProject "Translator" */;
			developmentRegion = en;
			hasScannedForEncodings = 0;
			knownRegions = (
				en,
				Base,
			);
			mainGroup = B0D996C42E11E517003D234E;
			minimizedProjectReferenceProxies = 1;
			packageReferences = (
				B067C9D02E14167D009384B6 /* XCRemoteSwiftPackageReference "firebase-ios-sdk" */,
				B067C9D12E141720009384B6 /* XCRemoteSwiftPackageReference "GoogleSignIn-iOS" */,
				B0D157E62E164AA000599590 /* XCRemoteSwiftPackageReference "swift-package-manager-google-mobile-ads" */,
			);
			preferredProjectObjectVersion = 77;
			productRefGroup = B0D996CE2E11E517003D234E /* Products */;
			projectDirPath = "";
			projectRoot = "";
			targets = (
				B0D996CC2E11E517003D234E /* Translator */,
				B0D996D92E11E518003D234E /* TranslatorTests */,
				B0D996E32E11E518003D234E /* TranslatorUITests */,
			);
		};
/* End PBXProject section */

/* Begin PBXResourcesBuildPhase section */
		B0D996CB2E11E517003D234E /* Resources */ = {
			isa = PBXResourcesBuildPhase;
			buildActionMask = 2147483647;
			files = (
			);
			runOnlyForDeploymentPostprocessing = 0;
		};
		B0D996D82E11E518003D234E /* Resources */ = {
			isa = PBXResourcesBuildPhase;
			buildActionMask = 2147483647;
			files = (
			);
			runOnlyForDeploymentPostprocessing = 0;
		};
		B0D996E22E11E518003D234E /* Resources */ = {
			isa = PBXResourcesBuildPhase;
			buildActionMask = 2147483647;
			files = (
			);
			runOnlyForDeploymentPostprocessing = 0;
		};
/* End PBXResourcesBuildPhase section */

/* Begin PBXSourcesBuildPhase section */
		B0D996C92E11E517003D234E /* Sources */ = {
			isa = PBXSourcesBuildPhase;
			buildActionMask = 2147483647;
			files = (
			);
			runOnlyForDeploymentPostprocessing = 0;
		};
		B0D996D62E11E518003D234E /* Sources */ = {
			isa = PBXSourcesBuildPhase;
			buildActionMask = 2147483647;
			files = (
			);
			runOnlyForDeploymentPostprocessing = 0;
		};
		B0D996E02E11E518003D234E /* Sources */ = {
			isa = PBXSourcesBuildPhase;
			buildActionMask = 2147483647;
			files = (
			);
			runOnlyForDeploymentPostprocessing = 0;
		};
/* End PBXSourcesBuildPhase section */

/* Begin PBXTargetDependency section */
		B0D996DC2E11E518003D234E /* PBXTargetDependency */ = {
			isa = PBXTargetDependency;
			target = B0D996CC2E11E517003D234E /* Translator */;
			targetProxy = B0D996DB2E11E518003D234E /* PBXContainerItemProxy */;
		};
		B0D996E62E11E518003D234E /* PBXTargetDependency */ = {
			isa = PBXTargetDependency;
			target = B0D996CC2E11E517003D234E /* Translator */;
			targetProxy = B0D996E52E11E518003D234E /* PBXContainerItemProxy */;
		};
/* End PBXTargetDependency section */

/* Begin XCBuildConfiguration section */
		B0D996EC2E11E518003D234E /* Debug */ = {
			isa = XCBuildConfiguration;
			buildSettings = {
				ALWAYS_SEARCH_USER_PATHS = NO;
				ASSETCATALOG_COMPILER_GENERATE_SWIFT_ASSET_SYMBOL_EXTENSIONS = YES;
				CLANG_ANALYZER_NONNULL = YES;
				CLANG_ANALYZER_NUMBER_OBJECT_CONVERSION = YES_AGGRESSIVE;
				CLANG_CXX_LANGUAGE_STANDARD = "gnu++20";
				CLANG_ENABLE_MODULES = YES;
				CLANG_ENABLE_OBJC_ARC = YES;
				CLANG_ENABLE_OBJC_WEAK = YES;
				CLANG_WARN_BLOCK_CAPTURE_AUTORELEASING = YES;
				CLANG_WARN_BOOL_CONVERSION = YES;
				CLANG_WARN_COMMA = YES;
				CLANG_WARN_CONSTANT_CONVERSION = YES;
				CLANG_WARN_DEPRECATED_OBJC_IMPLEMENTATIONS = YES;
				CLANG_WARN_DIRECT_OBJC_ISA_USAGE = YES_ERROR;
				CLANG_WARN_DOCUMENTATION_COMMENTS = YES;
				CLANG_WARN_EMPTY_BODY = YES;
				CLANG_WARN_ENUM_CONVERSION = YES;
				CLANG_WARN_INFINITE_RECURSION = YES;
				CLANG_WARN_INT_CONVERSION = YES;
				CLANG_WARN_NON_LITERAL_NULL_CONVERSION = YES;
				CLANG_WARN_OBJC_IMPLICIT_RETAIN_SELF = YES;
				CLANG_WARN_OBJC_LITERAL_CONVERSION = YES;
				CLANG_WARN_OBJC_ROOT_CLASS = YES_ERROR;
				CLANG_WARN_QUOTED_INCLUDE_IN_FRAMEWORK_HEADER = YES;
				CLANG_WARN_RANGE_LOOP_ANALYSIS = YES;
				CLANG_WARN_STRICT_PROTOTYPES = YES;
				CLANG_WARN_SUSPICIOUS_MOVE = YES;
				CLANG_WARN_UNGUARDED_AVAILABILITY = YES_AGGRESSIVE;
				CLANG_WARN_UNREACHABLE_CODE = YES;
				CLANG_WARN__DUPLICATE_METHOD_MATCH = YES;
				COPY_PHASE_STRIP = NO;
				DEBUG_INFORMATION_FORMAT = dwarf;
				DEVELOPMENT_TEAM = VGHQ8GWK23;
				ENABLE_STRICT_OBJC_MSGSEND = YES;
				ENABLE_TESTABILITY = YES;
				ENABLE_USER_SCRIPT_SANDBOXING = YES;
				GCC_C_LANGUAGE_STANDARD = gnu17;
				GCC_DYNAMIC_NO_PIC = NO;
				GCC_NO_COMMON_BLOCKS = YES;
				GCC_OPTIMIZATION_LEVEL = 0;
				GCC_PREPROCESSOR_DEFINITIONS = (
					"DEBUG=1",
					"$(inherited)",
				);
				GCC_WARN_64_TO_32_BIT_CONVERSION = YES;
				GCC_WARN_ABOUT_RETURN_TYPE = YES_ERROR;
				GCC_WARN_UNDECLARED_SELECTOR = YES;
				GCC_WARN_UNINITIALIZED_AUTOS = YES_AGGRESSIVE;
				GCC_WARN_UNUSED_FUNCTION = YES;
				GCC_WARN_UNUSED_VARIABLE = YES;
				IPHONEOS_DEPLOYMENT_TARGET = 18.5;
				LOCALIZATION_PREFERS_STRING_CATALOGS = YES;
				MTL_ENABLE_DEBUG_INFO = INCLUDE_SOURCE;
				MTL_FAST_MATH = YES;
				ONLY_ACTIVE_ARCH = YES;
				SDKROOT = iphoneos;
				SWIFT_ACTIVE_COMPILATION_CONDITIONS = "DEBUG $(inherited)";
				SWIFT_OPTIMIZATION_LEVEL = "-Onone";
			};
			name = Debug;
		};
		B0D996ED2E11E518003D234E /* Release */ = {
			isa = XCBuildConfiguration;
			buildSettings = {
				ALWAYS_SEARCH_USER_PATHS = NO;
				ASSETCATALOG_COMPILER_GENERATE_SWIFT_ASSET_SYMBOL_EXTENSIONS = YES;
				CLANG_ANALYZER_NONNULL = YES;
				CLANG_ANALYZER_NUMBER_OBJECT_CONVERSION = YES_AGGRESSIVE;
				CLANG_CXX_LANGUAGE_STANDARD = "gnu++20";
				CLANG_ENABLE_MODULES = YES;
				CLANG_ENABLE_OBJC_ARC = YES;
				CLANG_ENABLE_OBJC_WEAK = YES;
				CLANG_WARN_BLOCK_CAPTURE_AUTORELEASING = YES;
				CLANG_WARN_BOOL_CONVERSION = YES;
				CLANG_WARN_COMMA = YES;
				CLANG_WARN_CONSTANT_CONVERSION = YES;
				CLANG_WARN_DEPRECATED_OBJC_IMPLEMENTATIONS = YES;
				CLANG_WARN_DIRECT_OBJC_ISA_USAGE = YES_ERROR;
				CLANG_WARN_DOCUMENTATION_COMMENTS = YES;
				CLANG_WARN_EMPTY_BODY = YES;
				CLANG_WARN_ENUM_CONVERSION = YES;
				CLANG_WARN_INFINITE_RECURSION = YES;
				CLANG_WARN_INT_CONVERSION = YES;
				CLANG_WARN_NON_LITERAL_NULL_CONVERSION = YES;
				CLANG_WARN_OBJC_IMPLICIT_RETAIN_SELF = YES;
				CLANG_WARN_OBJC_LITERAL_CONVERSION = YES;
				CLANG_WARN_OBJC_ROOT_CLASS = YES_ERROR;
				CLANG_WARN_QUOTED_INCLUDE_IN_FRAMEWORK_HEADER = YES;
				CLANG_WARN_RANGE_LOOP_ANALYSIS = YES;
				CLANG_WARN_STRICT_PROTOTYPES = YES;
				CLANG_WARN_SUSPICIOUS_MOVE = YES;
				CLANG_WARN_UNGUARDED_AVAILABILITY = YES_AGGRESSIVE;
				CLANG_WARN_UNREACHABLE_CODE = YES;
				CLANG_WARN__DUPLICATE_METHOD_MATCH = YES;
				COPY_PHASE_STRIP = NO;
				DEBUG_INFORMATION_FORMAT = "dwarf-with-dsym";
				DEVELOPMENT_TEAM = VGHQ8GWK23;
				ENABLE_NS_ASSERTIONS = NO;
				ENABLE_STRICT_OBJC_MSGSEND = YES;
				ENABLE_USER_SCRIPT_SANDBOXING = YES;
				GCC_C_LANGUAGE_STANDARD = gnu17;
				GCC_NO_COMMON_BLOCKS = YES;
				GCC_WARN_64_TO_32_BIT_CONVERSION = YES;
				GCC_WARN_ABOUT_RETURN_TYPE = YES_ERROR;
				GCC_WARN_UNDECLARED_SELECTOR = YES;
				GCC_WARN_UNINITIALIZED_AUTOS = YES_AGGRESSIVE;
				GCC_WARN_UNUSED_FUNCTION = YES;
				GCC_WARN_UNUSED_VARIABLE = YES;
				IPHONEOS_DEPLOYMENT_TARGET = 18.5;
				LOCALIZATION_PREFERS_STRING_CATALOGS = YES;
				MTL_ENABLE_DEBUG_INFO = NO;
				MTL_FAST_MATH = YES;
				SDKROOT = iphoneos;
				SWIFT_COMPILATION_MODE = wholemodule;
				VALIDATE_PRODUCT = YES;
			};
			name = Release;
		};
		B0D996EF2E11E518003D234E /* Debug */ = {
			isa = XCBuildConfiguration;
			buildSettings = {
				ASSETCATALOG_COMPILER_APPICON_NAME = AppIcon;
				ASSETCATALOG_COMPILER_GLOBAL_ACCENT_COLOR_NAME = AccentColor;
				CODE_SIGN_STYLE = Automatic;
				CURRENT_PROJECT_VERSION = 1;
				DEVELOPMENT_TEAM = VGHQ8GWK23;
				ENABLE_PREVIEWS = YES;
				GENERATE_INFOPLIST_FILE = YES;
				INFOPLIST_FILE = Translator/Info.plist;
				INFOPLIST_KEY_NSMicrophoneUsageDescription = "This app uses microphone for real-time translation";
				INFOPLIST_KEY_UIApplicationSceneManifest_Generation = YES;
				INFOPLIST_KEY_UIApplicationSupportsIndirectInputEvents = YES;
				INFOPLIST_KEY_UILaunchScreen_Generation = YES;
				INFOPLIST_KEY_UISupportedInterfaceOrientations_iPad = "UIInterfaceOrientationPortrait UIInterfaceOrientationPortraitUpsideDown UIInterfaceOrientationLandscapeLeft UIInterfaceOrientationLandscapeRight";
				INFOPLIST_KEY_UISupportedInterfaceOrientations_iPhone = "UIInterfaceOrientationPortrait UIInterfaceOrientationLandscapeLeft UIInterfaceOrientationLandscapeRight";
				IPHONEOS_DEPLOYMENT_TARGET = 18.0;
				LD_RUNPATH_SEARCH_PATHS = (
					"$(inherited)",
					"@executable_path/Frameworks",
				);
				MARKETING_VERSION = 1.0;
				PRODUCT_BUNDLE_IDENTIFIER = "voice-translator";
				PRODUCT_NAME = "$(TARGET_NAME)";
				SWIFT_EMIT_LOC_STRINGS = YES;
				SWIFT_VERSION = 5.0;
				TARGETED_DEVICE_FAMILY = "1,2";
			};
			name = Debug;
		};
		B0D996F02E11E518003D234E /* Release */ = {
			isa = XCBuildConfiguration;
			buildSettings = {
				ASSETCATALOG_COMPILER_APPICON_NAME = AppIcon;
				ASSETCATALOG_COMPILER_GLOBAL_ACCENT_COLOR_NAME = AccentColor;
				CODE_SIGN_STYLE = Automatic;
				CURRENT_PROJECT_VERSION = 1;
				DEVELOPMENT_TEAM = VGHQ8GWK23;
				ENABLE_PREVIEWS = YES;
				GENERATE_INFOPLIST_FILE = YES;
				INFOPLIST_FILE = Translator/Info.plist;
				INFOPLIST_KEY_NSMicrophoneUsageDescription = "This app uses microphone for real-time translation";
				INFOPLIST_KEY_UIApplicationSceneManifest_Generation = YES;
				INFOPLIST_KEY_UIApplicationSupportsIndirectInputEvents = YES;
				INFOPLIST_KEY_UILaunchScreen_Generation = YES;
				INFOPLIST_KEY_UISupportedInterfaceOrientations_iPad = "UIInterfaceOrientationPortrait UIInterfaceOrientationPortraitUpsideDown UIInterfaceOrientationLandscapeLeft UIInterfaceOrientationLandscapeRight";
				INFOPLIST_KEY_UISupportedInterfaceOrientations_iPhone = "UIInterfaceOrientationPortrait UIInterfaceOrientationLandscapeLeft UIInterfaceOrientationLandscapeRight";
				IPHONEOS_DEPLOYMENT_TARGET = 18.0;
				LD_RUNPATH_SEARCH_PATHS = (
					"$(inherited)",
					"@executable_path/Frameworks",
				);
				MARKETING_VERSION = 1.0;
				PRODUCT_BUNDLE_IDENTIFIER = "voice-translator";
				PRODUCT_NAME = "$(TARGET_NAME)";
				SWIFT_EMIT_LOC_STRINGS = YES;
				SWIFT_VERSION = 5.0;
				TARGETED_DEVICE_FAMILY = "1,2";
			};
			name = Release;
		};
		B0D996F22E11E518003D234E /* Debug */ = {
			isa = XCBuildConfiguration;
			buildSettings = {
				BUNDLE_LOADER = "$(TEST_HOST)";
				CODE_SIGN_STYLE = Automatic;
				CURRENT_PROJECT_VERSION = 1;
				DEVELOPMENT_TEAM = VGHQ8GWK23;
				GENERATE_INFOPLIST_FILE = YES;
				IPHONEOS_DEPLOYMENT_TARGET = 18.0;
				MARKETING_VERSION = 1.0;
				PRODUCT_BUNDLE_IDENTIFIER = ati.TranslatorTests;
				PRODUCT_NAME = "$(TARGET_NAME)";
				SWIFT_EMIT_LOC_STRINGS = NO;
				SWIFT_VERSION = 5.0;
				TARGETED_DEVICE_FAMILY = "1,2";
				TEST_HOST = "$(BUILT_PRODUCTS_DIR)/Translator.app/$(BUNDLE_EXECUTABLE_FOLDER_PATH)/Translator";
			};
			name = Debug;
		};
		B0D996F32E11E518003D234E /* Release */ = {
			isa = XCBuildConfiguration;
			buildSettings = {
				BUNDLE_LOADER = "$(TEST_HOST)";
				CODE_SIGN_STYLE = Automatic;
				CURRENT_PROJECT_VERSION = 1;
				DEVELOPMENT_TEAM = VGHQ8GWK23;
				GENERATE_INFOPLIST_FILE = YES;
				IPHONEOS_DEPLOYMENT_TARGET = 18.0;
				MARKETING_VERSION = 1.0;
				PRODUCT_BUNDLE_IDENTIFIER = ati.TranslatorTests;
				PRODUCT_NAME = "$(TARGET_NAME)";
				SWIFT_EMIT_LOC_STRINGS = NO;
				SWIFT_VERSION = 5.0;
				TARGETED_DEVICE_FAMILY = "1,2";
				TEST_HOST = "$(BUILT_PRODUCTS_DIR)/Translator.app/$(BUNDLE_EXECUTABLE_FOLDER_PATH)/Translator";
			};
			name = Release;
		};
		B0D996F52E11E518003D234E /* Debug */ = {
			isa = XCBuildConfiguration;
			buildSettings = {
				CODE_SIGN_STYLE = Automatic;
				CURRENT_PROJECT_VERSION = 1;
				DEVELOPMENT_TEAM = VGHQ8GWK23;
				GENERATE_INFOPLIST_FILE = YES;
				IPHONEOS_DEPLOYMENT_TARGET = 18.0;
				MARKETING_VERSION = 1.0;
				PRODUCT_BUNDLE_IDENTIFIER = ati.TranslatorUITests;
				PRODUCT_NAME = "$(TARGET_NAME)";
				SWIFT_EMIT_LOC_STRINGS = NO;
				SWIFT_VERSION = 5.0;
				TARGETED_DEVICE_FAMILY = "1,2";
				TEST_TARGET_NAME = Translator;
			};
			name = Debug;
		};
		B0D996F62E11E518003D234E /* Release */ = {
			isa = XCBuildConfiguration;
			buildSettings = {
				CODE_SIGN_STYLE = Automatic;
				CURRENT_PROJECT_VERSION = 1;
				DEVELOPMENT_TEAM = VGHQ8GWK23;
				GENERATE_INFOPLIST_FILE = YES;
				IPHONEOS_DEPLOYMENT_TARGET = 18.0;
				MARKETING_VERSION = 1.0;
				PRODUCT_BUNDLE_IDENTIFIER = ati.TranslatorUITests;
				PRODUCT_NAME = "$(TARGET_NAME)";
				SWIFT_EMIT_LOC_STRINGS = NO;
				SWIFT_VERSION = 5.0;
				TARGETED_DEVICE_FAMILY = "1,2";
				TEST_TARGET_NAME = Translator;
			};
			name = Release;
		};
/* End XCBuildConfiguration section */

/* Begin XCConfigurationList section */
		B0D996C82E11E517003D234E /* Build configuration list for PBXProject "Translator" */ = {
			isa = XCConfigurationList;
			buildConfigurations = (
				B0D996EC2E11E518003D234E /* Debug */,
				B0D996ED2E11E518003D234E /* Release */,
			);
			defaultConfigurationIsVisible = 0;
			defaultConfigurationName = Release;
		};
		B0D996EE2E11E518003D234E /* Build configuration list for PBXNativeTarget "Translator" */ = {
			isa = XCConfigurationList;
			buildConfigurations = (
				B0D996EF2E11E518003D234E /* Debug */,
				B0D996F02E11E518003D234E /* Release */,
			);
			defaultConfigurationIsVisible = 0;
			defaultConfigurationName = Release;
		};
		B0D996F12E11E518003D234E /* Build configuration list for PBXNativeTarget "TranslatorTests" */ = {
			isa = XCConfigurationList;
			buildConfigurations = (
				B0D996F22E11E518003D234E /* Debug */,
				B0D996F32E11E518003D234E /* Release */,
			);
			defaultConfigurationIsVisible = 0;
			defaultConfigurationName = Release;
		};
		B0D996F42E11E518003D234E /* Build configuration list for PBXNativeTarget "TranslatorUITests" */ = {
			isa = XCConfigurationList;
			buildConfigurations = (
				B0D996F52E11E518003D234E /* Debug */,
				B0D996F62E11E518003D234E /* Release */,
			);
			defaultConfigurationIsVisible = 0;
			defaultConfigurationName = Release;
		};
/* End XCConfigurationList section */

/* Begin XCRemoteSwiftPackageReference section */
		B067C9D02E14167D009384B6 /* XCRemoteSwiftPackageReference "firebase-ios-sdk" */ = {
			isa = XCRemoteSwiftPackageReference;
			repositoryURL = "https://github.com/firebase/firebase-ios-sdk";
			requirement = {
				kind = upToNextMajorVersion;
				minimumVersion = 11.15.0;
			};
		};
		B067C9D12E141720009384B6 /* XCRemoteSwiftPackageReference "GoogleSignIn-iOS" */ = {
			isa = XCRemoteSwiftPackageReference;
			repositoryURL = "https://github.com/google/GoogleSignIn-iOS";
			requirement = {
				kind = upToNextMajorVersion;
				minimumVersion = 8.0.0;
			};
		};
		B0D157E62E164AA000599590 /* XCRemoteSwiftPackageReference "swift-package-manager-google-mobile-ads" */ = {
			isa = XCRemoteSwiftPackageReference;
			repositoryURL = "https://github.com/googleads/swift-package-manager-google-mobile-ads.git";
			requirement = {
				kind = upToNextMajorVersion;
				minimumVersion = 12.6.0;
			};
		};
/* End XCRemoteSwiftPackageReference section */

/* Begin XCSwiftPackageProductDependency section */
		B0CB59752E141B8000AD5BE4 /* FirebaseAppCheck */ = {
			isa = XCSwiftPackageProductDependency;
			package = B067C9D02E14167D009384B6 /* XCRemoteSwiftPackageReference "firebase-ios-sdk" */;
			productName = FirebaseAppCheck;
		};
		B0CB59772E141B8000AD5BE4 /* FirebaseAuth */ = {
			isa = XCSwiftPackageProductDependency;
			package = B067C9D02E14167D009384B6 /* XCRemoteSwiftPackageReference "firebase-ios-sdk" */;
			productName = FirebaseAuth;
		};
		B0CB59792E141B8000AD5BE4 /* FirebaseFirestore */ = {
			isa = XCSwiftPackageProductDependency;
			package = B067C9D02E14167D009384B6 /* XCRemoteSwiftPackageReference "firebase-ios-sdk" */;
			productName = FirebaseFirestore;
		};
		B0CB597B2E141BA000AD5BE4 /* GoogleSignIn */ = {
			isa = XCSwiftPackageProductDependency;
			package = B067C9D12E141720009384B6 /* XCRemoteSwiftPackageReference "GoogleSignIn-iOS" */;
			productName = GoogleSignIn;
		};
		B0CB597D2E141BA000AD5BE4 /* GoogleSignInSwift */ = {
			isa = XCSwiftPackageProductDependency;
			package = B067C9D12E141720009384B6 /* XCRemoteSwiftPackageReference "GoogleSignIn-iOS" */;
			productName = GoogleSignInSwift;
		};
		B0D157E72E164AA000599590 /* GoogleMobileAds */ = {
			isa = XCSwiftPackageProductDependency;
			package = B0D157E62E164AA000599590 /* XCRemoteSwiftPackageReference "swift-package-manager-google-mobile-ads" */;
			productName = GoogleMobileAds;
		};
/* End XCSwiftPackageProductDependency section */
	};
	rootObject = B0D996C52E11E517003D234E /* Project object */;
}
